
Microsoft Visual Studio Solution File, Format Version 12.00
# Visual Studio Version 17
VisualStudioVersion = 17.0.31903.59
MinimumVisualStudioVersion = 10.0.40219.1
Project("{2150E333-8FDC-42A3-9474-1A3956D46DE8}") = "C#", "C#", "{D9D3645F-3017-455D-B529-EA4CD97CE3BB}"
EndProject
Project("{FAE04EC0-301F-11D3-BF4B-00C04F79EFBC}") = "olaMundo", "C#\olaMundo\olaMundo.csproj", "{6EE94C84-0B98-40FC-AB34-4A318E68877D}"
EndProject
Global
	GlobalSection(SolutionConfigurationPlatforms) = preSolution
		Debug|Any CPU = Debug|Any CPU
		Release|Any CPU = Release|Any CPU
	EndGlobalSection
	GlobalSection(SolutionProperties) = preSolution
		HideSolutionNode = FALSE
	EndGlobalSection
	GlobalSection(ProjectConfigurationPlatforms) = postSolution
		{6EE94C84-0B98-40FC-AB34-4A318E68877D}.Debug|Any CPU.ActiveCfg = Debug|Any CPU
		{6EE94C84-0B98-40FC-AB34-4A318E68877D}.Debug|Any CPU.Build.0 = Debug|Any CPU
		{6EE94C84-0B98-40FC-AB34-4A318E68877D}.Release|Any CPU.ActiveCfg = Release|Any CPU
		{6EE94C84-0B98-40FC-AB34-4A318E68877D}.Release|Any CPU.Build.0 = Release|Any CPU
	EndGlobalSection
	GlobalSection(NestedProjects) = preSolution
		{6EE94C84-0B98-40FC-AB34-4A318E68877D} = {D9D3645F-3017-455D-B529-EA4CD97CE3BB}
	EndGlobalSection
EndGlobal
